// !$*UTF8*$!
{
	archiveVersion = 1;
	classes = {
	};
	objectVersion = 55;
	objects = {

/* Begin PBXBuildFile section */
		F34B674327AA673A0075F2E6 /* AppDelegate.swift in Sources */ = {isa = PBXBuildFile; fileRef = F34B674227AA673A0075F2E6 /* AppDelegate.swift */; };
		F34B674527AA673A0075F2E6 /* SceneDelegate.swift in Sources */ = {isa = PBXBuildFile; fileRef = F34B674427AA673A0075F2E6 /* SceneDelegate.swift */; };
		F34B674727AA673A0075F2E6 /* AuthViewController.swift in Sources */ = {isa = PBXBuildFile; fileRef = F34B674627AA673A0075F2E6 /* AuthViewController.swift */; };
		F34B674C27AA673D0075F2E6 /* Assets.xcassets in Resources */ = {isa = PBXBuildFile; fileRef = F34B674B27AA673D0075F2E6 /* Assets.xcassets */; };
		F34B674F27AA673D0075F2E6 /* LaunchScreen.storyboard in Resources */ = {isa = PBXBuildFile; fileRef = F34B674D27AA673D0075F2E6 /* LaunchScreen.storyboard */; };
		F34B675727AA76F80075F2E6 /* UIButton + Extension.swift in Sources */ = {isa = PBXBuildFile; fileRef = F34B675627AA76F80075F2E6 /* UIButton + Extension.swift */; };
		F34B675927AA7A2E0075F2E6 /* UIFont + Extension.swift in Sources */ = {isa = PBXBuildFile; fileRef = F34B675827AA7A2E0075F2E6 /* UIFont + Extension.swift */; };
		F34B675B27AA7AF10075F2E6 /* UIColor + Extension.swift in Sources */ = {isa = PBXBuildFile; fileRef = F34B675A27AA7AF10075F2E6 /* UIColor + Extension.swift */; };
		F34B675D27AA7E6B0075F2E6 /* UILabel + Extension.swift in Sources */ = {isa = PBXBuildFile; fileRef = F34B675C27AA7E6B0075F2E6 /* UILabel + Extension.swift */; };
		F34B675F27AA86C70075F2E6 /* UIImageView + Extension.swift in Sources */ = {isa = PBXBuildFile; fileRef = F34B675E27AA86C70075F2E6 /* UIImageView + Extension.swift */; };
		F34B676427AA89570075F2E6 /* ButtonFormView.swift in Sources */ = {isa = PBXBuildFile; fileRef = F34B676327AA89570075F2E6 /* ButtonFormView.swift */; };
		F34B676627AA924E0075F2E6 /* StackView + Extension.swift in Sources */ = {isa = PBXBuildFile; fileRef = F34B676527AA924E0075F2E6 /* StackView + Extension.swift */; };
/* End PBXBuildFile section */

/* Begin PBXFileReference section */
		F34B673F27AA673A0075F2E6 /* SwiftbookMessenger.app */ = {isa = PBXFileReference; explicitFileType = wrapper.application; includeInIndex = 0; path = SwiftbookMessenger.app; sourceTree = BUILT_PRODUCTS_DIR; };
		F34B674227AA673A0075F2E6 /* AppDelegate.swift */ = {isa = PBXFileReference; lastKnownFileType = sourcecode.swift; path = AppDelegate.swift; sourceTree = "<group>"; };
		F34B674427AA673A0075F2E6 /* SceneDelegate.swift */ = {isa = PBXFileReference; lastKnownFileType = sourcecode.swift; path = SceneDelegate.swift; sourceTree = "<group>"; };
		F34B674627AA673A0075F2E6 /* AuthViewController.swift */ = {isa = PBXFileReference; lastKnownFileType = sourcecode.swift; path = AuthViewController.swift; sourceTree = "<group>"; };
		F34B674B27AA673D0075F2E6 /* Assets.xcassets */ = {isa = PBXFileReference; lastKnownFileType = folder.assetcatalog; path = Assets.xcassets; sourceTree = "<group>"; };
		F34B674E27AA673D0075F2E6 /* Base */ = {isa = PBXFileReference; lastKnownFileType = file.storyboard; name = Base; path = Base.lproj/LaunchScreen.storyboard; sourceTree = "<group>"; };
		F34B675027AA673D0075F2E6 /* Info.plist */ = {isa = PBXFileReference; lastKnownFileType = text.plist.xml; path = Info.plist; sourceTree = "<group>"; };
		F34B675627AA76F80075F2E6 /* UIButton + Extension.swift */ = {isa = PBXFileReference; lastKnownFileType = sourcecode.swift; path = "UIButton + Extension.swift"; sourceTree = "<group>"; };
		F34B675827AA7A2E0075F2E6 /* UIFont + Extension.swift */ = {isa = PBXFileReference; lastKnownFileType = sourcecode.swift; path = "UIFont + Extension.swift"; sourceTree = "<group>"; };
		F34B675A27AA7AF10075F2E6 /* UIColor + Extension.swift */ = {isa = PBXFileReference; lastKnownFileType = sourcecode.swift; path = "UIColor + Extension.swift"; sourceTree = "<group>"; };
		F34B675C27AA7E6B0075F2E6 /* UILabel + Extension.swift */ = {isa = PBXFileReference; lastKnownFileType = sourcecode.swift; path = "UILabel + Extension.swift"; sourceTree = "<group>"; };
		F34B675E27AA86C70075F2E6 /* UIImageView + Extension.swift */ = {isa = PBXFileReference; lastKnownFileType = sourcecode.swift; path = "UIImageView + Extension.swift"; sourceTree = "<group>"; };
		F34B676327AA89570075F2E6 /* ButtonFormView.swift */ = {isa = PBXFileReference; lastKnownFileType = sourcecode.swift; path = ButtonFormView.swift; sourceTree = "<group>"; };
		F34B676527AA924E0075F2E6 /* StackView + Extension.swift */ = {isa = PBXFileReference; lastKnownFileType = sourcecode.swift; path = "StackView + Extension.swift"; sourceTree = "<group>"; };
/* End PBXFileReference section */

/* Begin PBXFrameworksBuildPhase section */
		F34B673C27AA673A0075F2E6 /* Frameworks */ = {
			isa = PBXFrameworksBuildPhase;
			buildActionMask = 2147483647;
			files = (
			);
			runOnlyForDeploymentPostprocessing = 0;
		};
/* End PBXFrameworksBuildPhase section */

/* Begin PBXGroup section */
		F34B673627AA673A0075F2E6 = {
			isa = PBXGroup;
			children = (
				F34B674127AA673A0075F2E6 /* SwiftbookMessenger */,
				F34B674027AA673A0075F2E6 /* Products */,
			);
			sourceTree = "<group>";
		};
		F34B674027AA673A0075F2E6 /* Products */ = {
			isa = PBXGroup;
			children = (
				F34B673F27AA673A0075F2E6 /* SwiftbookMessenger.app */,
			);
			name = Products;
			sourceTree = "<group>";
		};
		F34B674127AA673A0075F2E6 /* SwiftbookMessenger */ = {
			isa = PBXGroup;
			children = (
				F34B674227AA673A0075F2E6 /* AppDelegate.swift */,
				F34B674427AA673A0075F2E6 /* SceneDelegate.swift */,
				F34B674627AA673A0075F2E6 /* AuthViewController.swift */,
				F34B676227AA881B0075F2E6 /* Extensions */,
				F34B674B27AA673D0075F2E6 /* Assets.xcassets */,
				F34B674D27AA673D0075F2E6 /* LaunchScreen.storyboard */,
				F34B675027AA673D0075F2E6 /* Info.plist */,
			);
			path = SwiftbookMessenger;
			sourceTree = "<group>";
		};
		F34B676127AA880C0075F2E6 /* UIKit */ = {
			isa = PBXGroup;
			children = (
				F34B675E27AA86C70075F2E6 /* UIImageView + Extension.swift */,
				F34B675C27AA7E6B0075F2E6 /* UILabel + Extension.swift */,
				F34B675A27AA7AF10075F2E6 /* UIColor + Extension.swift */,
				F34B675827AA7A2E0075F2E6 /* UIFont + Extension.swift */,
				F34B675627AA76F80075F2E6 /* UIButton + Extension.swift */,
				F34B676527AA924E0075F2E6 /* StackView + Extension.swift */,
			);
			path = UIKit;
			sourceTree = "<group>";
		};
		F34B676227AA881B0075F2E6 /* Extensions */ = {
			isa = PBXGroup;
			children = (
				F34B676327AA89570075F2E6 /* ButtonFormView.swift */,
				F34B676127AA880C0075F2E6 /* UIKit */,
			);
			path = Extensions;
			sourceTree = "<group>";
		};
/* End PBXGroup section */

/* Begin PBXNativeTarget section */
		F34B673E27AA673A0075F2E6 /* SwiftbookMessenger */ = {
			isa = PBXNativeTarget;
			buildConfigurationList = F34B675327AA673D0075F2E6 /* Build configuration list for PBXNativeTarget "SwiftbookMessenger" */;
			buildPhases = (
				F34B673B27AA673A0075F2E6 /* Sources */,
				F34B673C27AA673A0075F2E6 /* Frameworks */,
				F34B673D27AA673A0075F2E6 /* Resources */,
			);
			buildRules = (
			);
			dependencies = (
			);
			name = SwiftbookMessenger;
			productName = SwiftbookMessenger;
			productReference = F34B673F27AA673A0075F2E6 /* SwiftbookMessenger.app */;
			productType = "com.apple.product-type.application";
		};
/* End PBXNativeTarget section */

/* Begin PBXProject section */
		F34B673727AA673A0075F2E6 /* Project object */ = {
			isa = PBXProject;
			attributes = {
				BuildIndependentTargetsInParallel = 1;
				LastSwiftUpdateCheck = 1320;
				LastUpgradeCheck = 1320;
				TargetAttributes = {
					F34B673E27AA673A0075F2E6 = {
						CreatedOnToolsVersion = 13.2.1;
					};
				};
			};
			buildConfigurationList = F34B673A27AA673A0075F2E6 /* Build configuration list for PBXProject "SwiftbookMessenger" */;
			compatibilityVersion = "Xcode 13.0";
			developmentRegion = en;
			hasScannedForEncodings = 0;
			knownRegions = (
				en,
				Base,
			);
			mainGroup = F34B673627AA673A0075F2E6;
			productRefGroup = F34B674027AA673A0075F2E6 /* Products */;
			projectDirPath = "";
			projectRoot = "";
			targets = (
				F34B673E27AA673A0075F2E6 /* SwiftbookMessenger */,
			);
		};
/* End PBXProject section */

/* Begin PBXResourcesBuildPhase section */
		F34B673D27AA673A0075F2E6 /* Resources */ = {
			isa = PBXResourcesBuildPhase;
			buildActionMask = 2147483647;
			files = (
				F34B674F27AA673D0075F2E6 /* LaunchScreen.storyboard in Resources */,
				F34B674C27AA673D0075F2E6 /* Assets.xcassets in Resources */,
			);
			runOnlyForDeploymentPostprocessing = 0;
		};
/* End PBXResourcesBuildPhase section */

/* Begin PBXSourcesBuildPhase section */
		F34B673B27AA673A0075F2E6 /* Sources */ = {
			isa = PBXSourcesBuildPhase;
			buildActionMask = 2147483647;
			files = (
				F34B675927AA7A2E0075F2E6 /* UIFont + Extension.swift in Sources */,
				F34B674727AA673A0075F2E6 /* AuthViewController.swift in Sources */,
				F34B674327AA673A0075F2E6 /* AppDelegate.swift in Sources */,
				F34B676427AA89570075F2E6 /* ButtonFormView.swift in Sources */,
				F34B675D27AA7E6B0075F2E6 /* UILabel + Extension.swift in Sources */,
				F34B675F27AA86C70075F2E6 /* UIImageView + Extension.swift in Sources */,
				F34B675B27AA7AF10075F2E6 /* UIColor + Extension.swift in Sources */,
				F34B674527AA673A0075F2E6 /* SceneDelegate.swift in Sources */,
				F34B675727AA76F80075F2E6 /* UIButton + Extension.swift in Sources */,
				F34B676627AA924E0075F2E6 /* StackView + Extension.swift in Sources */,
			);
			runOnlyForDeploymentPostprocessing = 0;
		};
/* End PBXSourcesBuildPhase section */

/* Begin PBXVariantGroup section */
		F34B674D27AA673D0075F2E6 /* LaunchScreen.storyboard */ = {
			isa = PBXVariantGroup;
			children = (
				F34B674E27AA673D0075F2E6 /* Base */,
			);
			name = LaunchScreen.storyboard;
			sourceTree = "<group>";
		};
/* End PBXVariantGroup section */

/* Begin XCBuildConfiguration section */
		F34B675127AA673D0075F2E6 /* Debug */ = {
			isa = XCBuildConfiguration;
			buildSettings = {
				ALWAYS_SEARCH_USER_PATHS = NO;
				CLANG_ANALYZER_NONNULL = YES;
				CLANG_ANALYZER_NUMBER_OBJECT_CONVERSION = YES_AGGRESSIVE;
				CLANG_CXX_LANGUAGE_STANDARD = "gnu++17";
				CLANG_CXX_LIBRARY = "libc++";
				CLANG_ENABLE_MODULES = YES;
				CLANG_ENABLE_OBJC_ARC = YES;
				CLANG_ENABLE_OBJC_WEAK = YES;
				CLANG_WARN_BLOCK_CAPTURE_AUTORELEASING = YES;
				CLANG_WARN_BOOL_CONVERSION = YES;
				CLANG_WARN_COMMA = YES;
				CLANG_WARN_CONSTANT_CONVERSION = YES;
				CLANG_WARN_DEPRECATED_OBJC_IMPLEMENTATIONS = YES;
				CLANG_WARN_DIRECT_OBJC_ISA_USAGE = YES_ERROR;
				CLANG_WARN_DOCUMENTATION_COMMENTS = YES;
				CLANG_WARN_EMPTY_BODY = YES;
				CLANG_WARN_ENUM_CONVERSION = YES;
				CLANG_WARN_INFINITE_RECURSION = YES;
				CLANG_WARN_INT_CONVERSION = YES;
				CLANG_WARN_NON_LITERAL_NULL_CONVERSION = YES;
				CLANG_WARN_OBJC_IMPLICIT_RETAIN_SELF = YES;
				CLANG_WARN_OBJC_LITERAL_CONVERSION = YES;
				CLANG_WARN_OBJC_ROOT_CLASS = YES_ERROR;
				CLANG_WARN_QUOTED_INCLUDE_IN_FRAMEWORK_HEADER = YES;
				CLANG_WARN_RANGE_LOOP_ANALYSIS = YES;
				CLANG_WARN_STRICT_PROTOTYPES = YES;
				CLANG_WARN_SUSPICIOUS_MOVE = YES;
				CLANG_WARN_UNGUARDED_AVAILABILITY = YES_AGGRESSIVE;
				CLANG_WARN_UNREACHABLE_CODE = YES;
				CLANG_WARN__DUPLICATE_METHOD_MATCH = YES;
				COPY_PHASE_STRIP = NO;
				DEBUG_INFORMATION_FORMAT = dwarf;
				ENABLE_STRICT_OBJC_MSGSEND = YES;
				ENABLE_TESTABILITY = YES;
				GCC_C_LANGUAGE_STANDARD = gnu11;
				GCC_DYNAMIC_NO_PIC = NO;
				GCC_NO_COMMON_BLOCKS = YES;
				GCC_OPTIMIZATION_LEVEL = 0;
				GCC_PREPROCESSOR_DEFINITIONS = (
					"DEBUG=1",
					"$(inherited)",
				);
				GCC_WARN_64_TO_32_BIT_CONVERSION = YES;
				GCC_WARN_ABOUT_RETURN_TYPE = YES_ERROR;
				GCC_WARN_UNDECLARED_SELECTOR = YES;
				GCC_WARN_UNINITIALIZED_AUTOS = YES_AGGRESSIVE;
				GCC_WARN_UNUSED_FUNCTION = YES;
				GCC_WARN_UNUSED_VARIABLE = YES;
				IPHONEOS_DEPLOYMENT_TARGET = 15.2;
				MTL_ENABLE_DEBUG_INFO = INCLUDE_SOURCE;
				MTL_FAST_MATH = YES;
				ONLY_ACTIVE_ARCH = YES;
				SDKROOT = iphoneos;
				SWIFT_ACTIVE_COMPILATION_CONDITIONS = DEBUG;
				SWIFT_OPTIMIZATION_LEVEL = "-Onone";
			};
			name = Debug;
		};
		F34B675227AA673D0075F2E6 /* Release */ = {
			isa = XCBuildConfiguration;
			buildSettings = {
				ALWAYS_SEARCH_USER_PATHS = NO;
				CLANG_ANALYZER_NONNULL = YES;
				CLANG_ANALYZER_NUMBER_OBJECT_CONVERSION = YES_AGGRESSIVE;
				CLANG_CXX_LANGUAGE_STANDARD = "gnu++17";
				CLANG_CXX_LIBRARY = "libc++";
				CLANG_ENABLE_MODULES = YES;
				CLANG_ENABLE_OBJC_ARC = YES;
				CLANG_ENABLE_OBJC_WEAK = YES;
				CLANG_WARN_BLOCK_CAPTURE_AUTORELEASING = YES;
				CLANG_WARN_BOOL_CONVERSION = YES;
				CLANG_WARN_COMMA = YES;
				CLANG_WARN_CONSTANT_CONVERSION = YES;
				CLANG_WARN_DEPRECATED_OBJC_IMPLEMENTATIONS = YES;
				CLANG_WARN_DIRECT_OBJC_ISA_USAGE = YES_ERROR;
				CLANG_WARN_DOCUMENTATION_COMMENTS = YES;
				CLANG_WARN_EMPTY_BODY = YES;
				CLANG_WARN_ENUM_CONVERSION = YES;
				CLANG_WARN_INFINITE_RECURSION = YES;
				CLANG_WARN_INT_CONVERSION = YES;
				CLANG_WARN_NON_LITERAL_NULL_CONVERSION = YES;
				CLANG_WARN_OBJC_IMPLICIT_RETAIN_SELF = YES;
				CLANG_WARN_OBJC_LITERAL_CONVERSION = YES;
				CLANG_WARN_OBJC_ROOT_CLASS = YES_ERROR;
				CLANG_WARN_QUOTED_INCLUDE_IN_FRAMEWORK_HEADER = YES;
				CLANG_WARN_RANGE_LOOP_ANALYSIS = YES;
				CLANG_WARN_STRICT_PROTOTYPES = YES;
				CLANG_WARN_SUSPICIOUS_MOVE = YES;
				CLANG_WARN_UNGUARDED_AVAILABILITY = YES_AGGRESSIVE;
				CLANG_WARN_UNREACHABLE_CODE = YES;
				CLANG_WARN__DUPLICATE_METHOD_MATCH = YES;
				COPY_PHASE_STRIP = NO;
				DEBUG_INFORMATION_FORMAT = "dwarf-with-dsym";
				ENABLE_NS_ASSERTIONS = NO;
				ENABLE_STRICT_OBJC_MSGSEND = YES;
				GCC_C_LANGUAGE_STANDARD = gnu11;
				GCC_NO_COMMON_BLOCKS = YES;
				GCC_WARN_64_TO_32_BIT_CONVERSION = YES;
				GCC_WARN_ABOUT_RETURN_TYPE = YES_ERROR;
				GCC_WARN_UNDECLARED_SELECTOR = YES;
				GCC_WARN_UNINITIALIZED_AUTOS = YES_AGGRESSIVE;
				GCC_WARN_UNUSED_FUNCTION = YES;
				GCC_WARN_UNUSED_VARIABLE = YES;
				IPHONEOS_DEPLOYMENT_TARGET = 15.2;
				MTL_ENABLE_DEBUG_INFO = NO;
				MTL_FAST_MATH = YES;
				SDKROOT = iphoneos;
				SWIFT_COMPILATION_MODE = wholemodule;
				SWIFT_OPTIMIZATION_LEVEL = "-O";
				VALIDATE_PRODUCT = YES;
			};
			name = Release;
		};
		F34B675427AA673D0075F2E6 /* Debug */ = {
			isa = XCBuildConfiguration;
			buildSettings = {
				ASSETCATALOG_COMPILER_APPICON_NAME = AppIcon;
				ASSETCATALOG_COMPILER_GLOBAL_ACCENT_COLOR_NAME = AccentColor;
				CODE_SIGN_STYLE = Automatic;
				CURRENT_PROJECT_VERSION = 1;
				DEVELOPMENT_TEAM = 9H42AN9X2T;
				GENERATE_INFOPLIST_FILE = YES;
				INFOPLIST_FILE = SwiftbookMessenger/Info.plist;
				INFOPLIST_KEY_UIApplicationSupportsIndirectInputEvents = YES;
				INFOPLIST_KEY_UILaunchStoryboardName = LaunchScreen;
				INFOPLIST_KEY_UISupportedInterfaceOrientations = UIInterfaceOrientationPortrait;
				INFOPLIST_KEY_UISupportedInterfaceOrientations_iPad = "UIInterfaceOrientationPortrait UIInterfaceOrientationPortraitUpsideDown UIInterfaceOrientationLandscapeLeft UIInterfaceOrientationLandscapeRight";
				INFOPLIST_KEY_UISupportedInterfaceOrientations_iPhone = "UIInterfaceOrientationPortrait UIInterfaceOrientationLandscapeLeft UIInterfaceOrientationLandscapeRight";
				IPHONEOS_DEPLOYMENT_TARGET = 13.2;
				LD_RUNPATH_SEARCH_PATHS = (
					"$(inherited)",
					"@executable_path/Frameworks",
				);
				MARKETING_VERSION = 1.0;
				PRODUCT_BUNDLE_IDENTIFIER = NikolaCube.SwiftbookMessenger;
				PRODUCT_NAME = "$(TARGET_NAME)";
				SWIFT_EMIT_LOC_STRINGS = YES;
				SWIFT_VERSION = 5.0;
				TARGETED_DEVICE_FAMILY = 1;
			};
			name = Debug;
		};
		F34B675527AA673D0075F2E6 /* Release */ = {
			isa = XCBuildConfiguration;
			buildSettings = {
				ASSETCATALOG_COMPILER_APPICON_NAME = AppIcon;
				ASSETCATALOG_COMPILER_GLOBAL_ACCENT_COLOR_NAME = AccentColor;
				CODE_SIGN_STYLE = Automatic;
				CURRENT_PROJECT_VERSION = 1;
				DEVELOPMENT_TEAM = 9H42AN9X2T;
				GENERATE_INFOPLIST_FILE = YES;
				INFOPLIST_FILE = SwiftbookMessenger/Info.plist;
				INFOPLIST_KEY_UIApplicationSupportsIndirectInputEvents = YES;
				INFOPLIST_KEY_UILaunchStoryboardName = LaunchScreen;
				INFOPLIST_KEY_UISupportedInterfaceOrientations = UIInterfaceOrientationPortrait;
				INFOPLIST_KEY_UISupportedInterfaceOrientations_iPad = "UIInterfaceOrientationPortrait UIInterfaceOrientationPortraitUpsideDown UIInterfaceOrientationLandscapeLeft UIInterfaceOrientationLandscapeRight";
				INFOPLIST_KEY_UISupportedInterfaceOrientations_iPhone = "UIInterfaceOrientationPortrait UIInterfaceOrientationLandscapeLeft UIInterfaceOrientationLandscapeRight";
				IPHONEOS_DEPLOYMENT_TARGET = 13.2;
				LD_RUNPATH_SEARCH_PATHS = (
					"$(inherited)",
					"@executable_path/Frameworks",
				);
				MARKETING_VERSION = 1.0;
				PRODUCT_BUNDLE_IDENTIFIER = NikolaCube.SwiftbookMessenger;
				PRODUCT_NAME = "$(TARGET_NAME)";
				SWIFT_EMIT_LOC_STRINGS = YES;
				SWIFT_VERSION = 5.0;
				TARGETED_DEVICE_FAMILY = 1;
			};
			name = Release;
		};
/* End XCBuildConfiguration section */

/* Begin XCConfigurationList section */
		F34B673A27AA673A0075F2E6 /* Build configuration list for PBXProject "SwiftbookMessenger" */ = {
			isa = XCConfigurationList;
			buildConfigurations = (
				F34B675127AA673D0075F2E6 /* Debug */,
				F34B675227AA673D0075F2E6 /* Release */,
			);
			defaultConfigurationIsVisible = 0;
			defaultConfigurationName = Release;
		};
		F34B675327AA673D0075F2E6 /* Build configuration list for PBXNativeTarget "SwiftbookMessenger" */ = {
			isa = XCConfigurationList;
			buildConfigurations = (
				F34B675427AA673D0075F2E6 /* Debug */,
				F34B675527AA673D0075F2E6 /* Release */,
			);
			defaultConfigurationIsVisible = 0;
			defaultConfigurationName = Release;
		};
/* End XCConfigurationList section */
	};
	rootObject = F34B673727AA673A0075F2E6 /* Project object */;
}
